// !$*UTF8*$!
{
	archiveVersion = 1;
	classes = {
	};
	objectVersion = 55;
	objects = {

/* Begin PBXBuildFile section */
		1C2BBABE27ECBFD700CEED59 /* Actions.sks in Resources */ = {isa = PBXBuildFile; fileRef = 1C2BBABC27ECBFD700CEED59 /* Actions.sks */; };
		1C2BBAC127ECC1A400CEED59 /* GameScene.sks in Resources */ = {isa = PBXBuildFile; fileRef = 1C2BBAC027ECC1A400CEED59 /* GameScene.sks */; };
		1C2BBACD27EDC30900CEED59 /* Bullet.swift in Sources */ = {isa = PBXBuildFile; fileRef = 1C2BBACA27EDC30900CEED59 /* Bullet.swift */; };
		1C2BBACF27EDC30900CEED59 /* Enemy.swift in Sources */ = {isa = PBXBuildFile; fileRef = 1C2BBACC27EDC30900CEED59 /* Enemy.swift */; };
		1C8EC0FB27EB739500BB67EF /* AnalogJoystick.swift in Sources */ = {isa = PBXBuildFile; fileRef = 1C8EC0F627EB739500BB67EF /* AnalogJoystick.swift */; };
		1C8EC0FC27EB739500BB67EF /* Assets.xcassets in Resources */ = {isa = PBXBuildFile; fileRef = 1C8EC0F827EB739500BB67EF /* Assets.xcassets */; };
		1C8EC0FD27EB739500BB67EF /* fire.sks in Resources */ = {isa = PBXBuildFile; fileRef = 1C8EC0F927EB739500BB67EF /* fire.sks */; };
		1C8EC10127EB740000BB67EF /* Constants.swift in Sources */ = {isa = PBXBuildFile; fileRef = 1C8EC10027EB740000BB67EF /* Constants.swift */; };
		761ED13027E9E85C0015AB54 /* AppDelegate.swift in Sources */ = {isa = PBXBuildFile; fileRef = 761ED12F27E9E85C0015AB54 /* AppDelegate.swift */; };
		761ED13627E9E85C0015AB54 /* GameScene.swift in Sources */ = {isa = PBXBuildFile; fileRef = 761ED13527E9E85C0015AB54 /* GameScene.swift */; };
		761ED13827E9E85C0015AB54 /* GameViewController.swift in Sources */ = {isa = PBXBuildFile; fileRef = 761ED13727E9E85C0015AB54 /* GameViewController.swift */; };
		761ED13B27E9E85C0015AB54 /* Main.storyboard in Resources */ = {isa = PBXBuildFile; fileRef = 761ED13927E9E85C0015AB54 /* Main.storyboard */; };
		761ED13D27E9E85D0015AB54 /* Assets.xcassets in Resources */ = {isa = PBXBuildFile; fileRef = 761ED13C27E9E85D0015AB54 /* Assets.xcassets */; };
		761ED14027E9E85D0015AB54 /* LaunchScreen.storyboard in Resources */ = {isa = PBXBuildFile; fileRef = 761ED13E27E9E85D0015AB54 /* LaunchScreen.storyboard */; };
		761ED14A27E9ED660015AB54 /* GameController.swift in Sources */ = {isa = PBXBuildFile; fileRef = 761ED14927E9ED660015AB54 /* GameController.swift */; };
		7654A33427EDFC9E00BF3F86 /* Player.swift in Sources */ = {isa = PBXBuildFile; fileRef = 7654A33327EDFC9E00BF3F86 /* Player.swift */; };
		76D6C73C27EE0D9E00C2DC02 /* Bullet_Explosion.sks in Resources */ = {isa = PBXBuildFile; fileRef = 76D6C73B27EE0D9E00C2DC02 /* Bullet_Explosion.sks */; };
		76D6C73E27EE136A00C2DC02 /* Enemy_Explosion.sks in Resources */ = {isa = PBXBuildFile; fileRef = 76D6C73D27EE136A00C2DC02 /* Enemy_Explosion.sks */; };
		76D6C74027EE173D00C2DC02 /* backgroundSound.mp3 in Resources */ = {isa = PBXBuildFile; fileRef = 76D6C73F27EE173D00C2DC02 /* backgroundSound.mp3 */; };
		76D6C74327EE177D00C2DC02 /* playerShot.wav in Resources */ = {isa = PBXBuildFile; fileRef = 76D6C74127EE177D00C2DC02 /* playerShot.wav */; };
		76D6C74427EE177D00C2DC02 /* enemyShot.wav in Resources */ = {isa = PBXBuildFile; fileRef = 76D6C74227EE177D00C2DC02 /* enemyShot.wav */; };
		76EA3FCE2865D19A00C02578 /* InitialScene.swift in Sources */ = {isa = PBXBuildFile; fileRef = 76EA3FCD2865D19A00C02578 /* InitialScene.swift */; };
		76EA3FD02865D6F600C02578 /* InitialScene.sks in Resources */ = {isa = PBXBuildFile; fileRef = 76EA3FCF2865D6F600C02578 /* InitialScene.sks */; };
/* End PBXBuildFile section */

/* Begin PBXFileReference section */
		1C2BBABC27ECBFD700CEED59 /* Actions.sks */ = {isa = PBXFileReference; lastKnownFileType = file.sks; path = Actions.sks; sourceTree = "<group>"; };
		1C2BBAC027ECC1A400CEED59 /* GameScene.sks */ = {isa = PBXFileReference; lastKnownFileType = file.sks; path = GameScene.sks; sourceTree = "<group>"; };
		1C2BBACA27EDC30900CEED59 /* Bullet.swift */ = {isa = PBXFileReference; fileEncoding = 4; lastKnownFileType = sourcecode.swift; path = Bullet.swift; sourceTree = "<group>"; };
		1C2BBACC27EDC30900CEED59 /* Enemy.swift */ = {isa = PBXFileReference; fileEncoding = 4; lastKnownFileType = sourcecode.swift; path = Enemy.swift; sourceTree = "<group>"; };
		1C8EC0F627EB739500BB67EF /* AnalogJoystick.swift */ = {isa = PBXFileReference; fileEncoding = 4; lastKnownFileType = sourcecode.swift; path = AnalogJoystick.swift; sourceTree = "<group>"; };
		1C8EC0F827EB739500BB67EF /* Assets.xcassets */ = {isa = PBXFileReference; lastKnownFileType = folder.assetcatalog; path = Assets.xcassets; sourceTree = "<group>"; };
		1C8EC0F927EB739500BB67EF /* fire.sks */ = {isa = PBXFileReference; lastKnownFileType = file.sks; path = fire.sks; sourceTree = "<group>"; };
		1C8EC10027EB740000BB67EF /* Constants.swift */ = {isa = PBXFileReference; fileEncoding = 4; lastKnownFileType = sourcecode.swift; path = Constants.swift; sourceTree = "<group>"; };
		761ED12C27E9E85C0015AB54 /* Space Arena.app */ = {isa = PBXFileReference; explicitFileType = wrapper.application; includeInIndex = 0; path = "Space Arena.app"; sourceTree = BUILT_PRODUCTS_DIR; };
		761ED12F27E9E85C0015AB54 /* AppDelegate.swift */ = {isa = PBXFileReference; lastKnownFileType = sourcecode.swift; path = AppDelegate.swift; sourceTree = "<group>"; };
		761ED13527E9E85C0015AB54 /* GameScene.swift */ = {isa = PBXFileReference; lastKnownFileType = sourcecode.swift; path = GameScene.swift; sourceTree = "<group>"; };
		761ED13727E9E85C0015AB54 /* GameViewController.swift */ = {isa = PBXFileReference; lastKnownFileType = sourcecode.swift; path = GameViewController.swift; sourceTree = "<group>"; };
		761ED13A27E9E85C0015AB54 /* Base */ = {isa = PBXFileReference; lastKnownFileType = file.storyboard; name = Base; path = Base.lproj/Main.storyboard; sourceTree = "<group>"; };
		761ED13C27E9E85D0015AB54 /* Assets.xcassets */ = {isa = PBXFileReference; lastKnownFileType = folder.assetcatalog; path = Assets.xcassets; sourceTree = "<group>"; };
		761ED13F27E9E85D0015AB54 /* Base */ = {isa = PBXFileReference; lastKnownFileType = file.storyboard; name = Base; path = Base.lproj/LaunchScreen.storyboard; sourceTree = "<group>"; };
		761ED14927E9ED660015AB54 /* GameController.swift */ = {isa = PBXFileReference; lastKnownFileType = sourcecode.swift; path = GameController.swift; sourceTree = "<group>"; };
		7654A33327EDFC9E00BF3F86 /* Player.swift */ = {isa = PBXFileReference; fileEncoding = 4; lastKnownFileType = sourcecode.swift; path = Player.swift; sourceTree = "<group>"; };
		76D6C73B27EE0D9E00C2DC02 /* Bullet_Explosion.sks */ = {isa = PBXFileReference; lastKnownFileType = file.sks; path = Bullet_Explosion.sks; sourceTree = "<group>"; };
		76D6C73D27EE136A00C2DC02 /* Enemy_Explosion.sks */ = {isa = PBXFileReference; lastKnownFileType = file.sks; path = Enemy_Explosion.sks; sourceTree = "<group>"; };
		76D6C73F27EE173D00C2DC02 /* backgroundSound.mp3 */ = {isa = PBXFileReference; lastKnownFileType = audio.mp3; path = backgroundSound.mp3; sourceTree = "<group>"; };
		76D6C74127EE177D00C2DC02 /* playerShot.wav */ = {isa = PBXFileReference; lastKnownFileType = audio.wav; path = playerShot.wav; sourceTree = "<group>"; };
		76D6C74227EE177D00C2DC02 /* enemyShot.wav */ = {isa = PBXFileReference; lastKnownFileType = audio.wav; path = enemyShot.wav; sourceTree = "<group>"; };
		76EA3FCD2865D19A00C02578 /* InitialScene.swift */ = {isa = PBXFileReference; lastKnownFileType = sourcecode.swift; path = InitialScene.swift; sourceTree = "<group>"; };
		76EA3FCF2865D6F600C02578 /* InitialScene.sks */ = {isa = PBXFileReference; lastKnownFileType = file.sks; path = InitialScene.sks; sourceTree = "<group>"; };
/* End PBXFileReference section */

/* Begin PBXFrameworksBuildPhase section */
		761ED12927E9E85C0015AB54 /* Frameworks */ = {
			isa = PBXFrameworksBuildPhase;
			buildActionMask = 2147483647;
			files = (
			);
			runOnlyForDeploymentPostprocessing = 0;
		};
/* End PBXFrameworksBuildPhase section */

/* Begin PBXGroup section */
		1C8EC0F527EB739500BB67EF /* Nodes */ = {
			isa = PBXGroup;
			children = (
				1C8EC0F627EB739500BB67EF /* AnalogJoystick.swift */,
				1C2BBACA27EDC30900CEED59 /* Bullet.swift */,
				1C2BBACC27EDC30900CEED59 /* Enemy.swift */,
				7654A33327EDFC9E00BF3F86 /* Player.swift */,
				1C8EC0F727EB739500BB67EF /* Particles */,
			);
			path = Nodes;
			sourceTree = "<group>";
		};
		1C8EC0F727EB739500BB67EF /* Particles */ = {
			isa = PBXGroup;
			children = (
				1C8EC0F827EB739500BB67EF /* Assets.xcassets */,
				1C8EC0F927EB739500BB67EF /* fire.sks */,
				76D6C73B27EE0D9E00C2DC02 /* Bullet_Explosion.sks */,
				76D6C73D27EE136A00C2DC02 /* Enemy_Explosion.sks */,
			);
			path = Particles;
			sourceTree = "<group>";
		};
		1C8EC0FF27EB740000BB67EF /* Utils */ = {
			isa = PBXGroup;
			children = (
				1C8EC10027EB740000BB67EF /* Constants.swift */,
			);
			path = Utils;
			sourceTree = "<group>";
		};
		761ED12327E9E85B0015AB54 = {
			isa = PBXGroup;
			children = (
				761ED12E27E9E85C0015AB54 /* SpaceShooter */,
				761ED12D27E9E85C0015AB54 /* Products */,
			);
			sourceTree = "<group>";
		};
		761ED12D27E9E85C0015AB54 /* Products */ = {
			isa = PBXGroup;
			children = (
				761ED12C27E9E85C0015AB54 /* Space Arena.app */,
			);
			name = Products;
			sourceTree = "<group>";
		};
		761ED12E27E9E85C0015AB54 /* SpaceShooter */ = {
			isa = PBXGroup;
			children = (
				761ED14627E9ED330015AB54 /* View */,
				761ED14827E9ED4A0015AB54 /* Controller */,
				1C8EC0F527EB739500BB67EF /* Nodes */,
				7654A33627EDFCCF00BF3F86 /* Sounds */,
				1C8EC0FF27EB740000BB67EF /* Utils */,
				761ED12F27E9E85C0015AB54 /* AppDelegate.swift */,
				1C2BBABC27ECBFD700CEED59 /* Actions.sks */,
				761ED13927E9E85C0015AB54 /* Main.storyboard */,
				761ED13C27E9E85D0015AB54 /* Assets.xcassets */,
				761ED13E27E9E85D0015AB54 /* LaunchScreen.storyboard */,
			);
			path = SpaceShooter;
			sourceTree = "<group>";
		};
		761ED14627E9ED330015AB54 /* View */ = {
			isa = PBXGroup;
			children = (
				761ED13727E9E85C0015AB54 /* GameViewController.swift */,
				1C2BBAC027ECC1A400CEED59 /* GameScene.sks */,
				761ED13527E9E85C0015AB54 /* GameScene.swift */,
				76EA3FCD2865D19A00C02578 /* InitialScene.swift */,
				76EA3FCF2865D6F600C02578 /* InitialScene.sks */,
			);
			path = View;
			sourceTree = "<group>";
		};
		761ED14827E9ED4A0015AB54 /* Controller */ = {
			isa = PBXGroup;
			children = (
				761ED14927E9ED660015AB54 /* GameController.swift */,
			);
			path = Controller;
			sourceTree = "<group>";
		};
		7654A33627EDFCCF00BF3F86 /* Sounds */ = {
			isa = PBXGroup;
			children = (
				76D6C74227EE177D00C2DC02 /* enemyShot.wav */,
				76D6C74127EE177D00C2DC02 /* playerShot.wav */,
				76D6C73F27EE173D00C2DC02 /* backgroundSound.mp3 */,
			);
			path = Sounds;
			sourceTree = "<group>";
		};
/* End PBXGroup section */

/* Begin PBXNativeTarget section */
		761ED12B27E9E85C0015AB54 /* SpaceShooter */ = {
			isa = PBXNativeTarget;
			buildConfigurationList = 761ED14327E9E85D0015AB54 /* Build configuration list for PBXNativeTarget "SpaceShooter" */;
			buildPhases = (
				761ED12827E9E85C0015AB54 /* Sources */,
				761ED12927E9E85C0015AB54 /* Frameworks */,
				761ED12A27E9E85C0015AB54 /* Resources */,
			);
			buildRules = (
			);
			dependencies = (
			);
			name = SpaceShooter;
			productName = SpaceShooter;
			productReference = 761ED12C27E9E85C0015AB54 /* Space Arena.app */;
			productType = "com.apple.product-type.application";
		};
/* End PBXNativeTarget section */

/* Begin PBXProject section */
		761ED12427E9E85B0015AB54 /* Project object */ = {
			isa = PBXProject;
			attributes = {
				BuildIndependentTargetsInParallel = 1;
				LastSwiftUpdateCheck = 1320;
				LastUpgradeCheck = 1320;
				TargetAttributes = {
					761ED12B27E9E85C0015AB54 = {
						CreatedOnToolsVersion = 13.2.1;
					};
				};
			};
			buildConfigurationList = 761ED12727E9E85B0015AB54 /* Build configuration list for PBXProject "SpaceShooter" */;
			compatibilityVersion = "Xcode 13.0";
			developmentRegion = en;
			hasScannedForEncodings = 0;
			knownRegions = (
				en,
				Base,
			);
			mainGroup = 761ED12327E9E85B0015AB54;
			productRefGroup = 761ED12D27E9E85C0015AB54 /* Products */;
			projectDirPath = "";
			projectRoot = "";
			targets = (
				761ED12B27E9E85C0015AB54 /* SpaceShooter */,
			);
		};
/* End PBXProject section */

/* Begin PBXResourcesBuildPhase section */
		761ED12A27E9E85C0015AB54 /* Resources */ = {
			isa = PBXResourcesBuildPhase;
			buildActionMask = 2147483647;
			files = (
				76D6C74027EE173D00C2DC02 /* backgroundSound.mp3 in Resources */,
				76D6C74327EE177D00C2DC02 /* playerShot.wav in Resources */,
				761ED13B27E9E85C0015AB54 /* Main.storyboard in Resources */,
				76D6C73E27EE136A00C2DC02 /* Enemy_Explosion.sks in Resources */,
				76D6C74427EE177D00C2DC02 /* enemyShot.wav in Resources */,
				1C8EC0FD27EB739500BB67EF /* fire.sks in Resources */,
				1C2BBABE27ECBFD700CEED59 /* Actions.sks in Resources */,
				761ED13D27E9E85D0015AB54 /* Assets.xcassets in Resources */,
				76EA3FD02865D6F600C02578 /* InitialScene.sks in Resources */,
				76D6C73C27EE0D9E00C2DC02 /* Bullet_Explosion.sks in Resources */,
				761ED14027E9E85D0015AB54 /* LaunchScreen.storyboard in Resources */,
				1C2BBAC127ECC1A400CEED59 /* GameScene.sks in Resources */,
				1C8EC0FC27EB739500BB67EF /* Assets.xcassets in Resources */,
			);
			runOnlyForDeploymentPostprocessing = 0;
		};
/* End PBXResourcesBuildPhase section */

/* Begin PBXSourcesBuildPhase section */
		761ED12827E9E85C0015AB54 /* Sources */ = {
			isa = PBXSourcesBuildPhase;
			buildActionMask = 2147483647;
			files = (
				761ED13627E9E85C0015AB54 /* GameScene.swift in Sources */,
				761ED14A27E9ED660015AB54 /* GameController.swift in Sources */,
				761ED13827E9E85C0015AB54 /* GameViewController.swift in Sources */,
				1C8EC10127EB740000BB67EF /* Constants.swift in Sources */,
				1C8EC0FB27EB739500BB67EF /* AnalogJoystick.swift in Sources */,
				1C2BBACF27EDC30900CEED59 /* Enemy.swift in Sources */,
				761ED13027E9E85C0015AB54 /* AppDelegate.swift in Sources */,
				7654A33427EDFC9E00BF3F86 /* Player.swift in Sources */,
				1C2BBACD27EDC30900CEED59 /* Bullet.swift in Sources */,
				76EA3FCE2865D19A00C02578 /* InitialScene.swift in Sources */,
			);
			runOnlyForDeploymentPostprocessing = 0;
		};
/* End PBXSourcesBuildPhase section */

/* Begin PBXVariantGroup section */
		761ED13927E9E85C0015AB54 /* Main.storyboard */ = {
			isa = PBXVariantGroup;
			children = (
				761ED13A27E9E85C0015AB54 /* Base */,
			);
			name = Main.storyboard;
			sourceTree = "<group>";
		};
		761ED13E27E9E85D0015AB54 /* LaunchScreen.storyboard */ = {
			isa = PBXVariantGroup;
			children = (
				761ED13F27E9E85D0015AB54 /* Base */,
			);
			name = LaunchScreen.storyboard;
			sourceTree = "<group>";
		};
/* End PBXVariantGroup section */

/* Begin XCBuildConfiguration section */
		761ED14127E9E85D0015AB54 /* Debug */ = {
			isa = XCBuildConfiguration;
			buildSettings = {
				ALWAYS_SEARCH_USER_PATHS = NO;
				CLANG_ANALYZER_NONNULL = YES;
				CLANG_ANALYZER_NUMBER_OBJECT_CONVERSION = YES_AGGRESSIVE;
				CLANG_CXX_LANGUAGE_STANDARD = "gnu++17";
				CLANG_CXX_LIBRARY = "libc++";
				CLANG_ENABLE_MODULES = YES;
				CLANG_ENABLE_OBJC_ARC = YES;
				CLANG_ENABLE_OBJC_WEAK = YES;
				CLANG_WARN_BLOCK_CAPTURE_AUTORELEASING = YES;
				CLANG_WARN_BOOL_CONVERSION = YES;
				CLANG_WARN_COMMA = YES;
				CLANG_WARN_CONSTANT_CONVERSION = YES;
				CLANG_WARN_DEPRECATED_OBJC_IMPLEMENTATIONS = YES;
				CLANG_WARN_DIRECT_OBJC_ISA_USAGE = YES_ERROR;
				CLANG_WARN_DOCUMENTATION_COMMENTS = YES;
				CLANG_WARN_EMPTY_BODY = YES;
				CLANG_WARN_ENUM_CONVERSION = YES;
				CLANG_WARN_INFINITE_RECURSION = YES;
				CLANG_WARN_INT_CONVERSION = YES;
				CLANG_WARN_NON_LITERAL_NULL_CONVERSION = YES;
				CLANG_WARN_OBJC_IMPLICIT_RETAIN_SELF = YES;
				CLANG_WARN_OBJC_LITERAL_CONVERSION = YES;
				CLANG_WARN_OBJC_ROOT_CLASS = YES_ERROR;
				CLANG_WARN_QUOTED_INCLUDE_IN_FRAMEWORK_HEADER = YES;
				CLANG_WARN_RANGE_LOOP_ANALYSIS = YES;
				CLANG_WARN_STRICT_PROTOTYPES = YES;
				CLANG_WARN_SUSPICIOUS_MOVE = YES;
				CLANG_WARN_UNGUARDED_AVAILABILITY = YES_AGGRESSIVE;
				CLANG_WARN_UNREACHABLE_CODE = YES;
				CLANG_WARN__DUPLICATE_METHOD_MATCH = YES;
				COPY_PHASE_STRIP = NO;
				DEBUG_INFORMATION_FORMAT = dwarf;
				ENABLE_STRICT_OBJC_MSGSEND = YES;
				ENABLE_TESTABILITY = YES;
				GCC_C_LANGUAGE_STANDARD = gnu11;
				GCC_DYNAMIC_NO_PIC = NO;
				GCC_NO_COMMON_BLOCKS = YES;
				GCC_OPTIMIZATION_LEVEL = 0;
				GCC_PREPROCESSOR_DEFINITIONS = (
					"DEBUG=1",
					"$(inherited)",
				);
				GCC_WARN_64_TO_32_BIT_CONVERSION = YES;
				GCC_WARN_ABOUT_RETURN_TYPE = YES_ERROR;
				GCC_WARN_UNDECLARED_SELECTOR = YES;
				GCC_WARN_UNINITIALIZED_AUTOS = YES_AGGRESSIVE;
				GCC_WARN_UNUSED_FUNCTION = YES;
				GCC_WARN_UNUSED_VARIABLE = YES;
				IPHONEOS_DEPLOYMENT_TARGET = 15.2;
				MTL_ENABLE_DEBUG_INFO = INCLUDE_SOURCE;
				MTL_FAST_MATH = YES;
				ONLY_ACTIVE_ARCH = YES;
				SDKROOT = iphoneos;
				SWIFT_ACTIVE_COMPILATION_CONDITIONS = DEBUG;
				SWIFT_OPTIMIZATION_LEVEL = "-Onone";
			};
			name = Debug;
		};
		761ED14227E9E85D0015AB54 /* Release */ = {
			isa = XCBuildConfiguration;
			buildSettings = {
				ALWAYS_SEARCH_USER_PATHS = NO;
				CLANG_ANALYZER_NONNULL = YES;
				CLANG_ANALYZER_NUMBER_OBJECT_CONVERSION = YES_AGGRESSIVE;
				CLANG_CXX_LANGUAGE_STANDARD = "gnu++17";
				CLANG_CXX_LIBRARY = "libc++";
				CLANG_ENABLE_MODULES = YES;
				CLANG_ENABLE_OBJC_ARC = YES;
				CLANG_ENABLE_OBJC_WEAK = YES;
				CLANG_WARN_BLOCK_CAPTURE_AUTORELEASING = YES;
				CLANG_WARN_BOOL_CONVERSION = YES;
				CLANG_WARN_COMMA = YES;
				CLANG_WARN_CONSTANT_CONVERSION = YES;
				CLANG_WARN_DEPRECATED_OBJC_IMPLEMENTATIONS = YES;
				CLANG_WARN_DIRECT_OBJC_ISA_USAGE = YES_ERROR;
				CLANG_WARN_DOCUMENTATION_COMMENTS = YES;
				CLANG_WARN_EMPTY_BODY = YES;
				CLANG_WARN_ENUM_CONVERSION = YES;
				CLANG_WARN_INFINITE_RECURSION = YES;
				CLANG_WARN_INT_CONVERSION = YES;
				CLANG_WARN_NON_LITERAL_NULL_CONVERSION = YES;
				CLANG_WARN_OBJC_IMPLICIT_RETAIN_SELF = YES;
				CLANG_WARN_OBJC_LITERAL_CONVERSION = YES;
				CLANG_WARN_OBJC_ROOT_CLASS = YES_ERROR;
				CLANG_WARN_QUOTED_INCLUDE_IN_FRAMEWORK_HEADER = YES;
				CLANG_WARN_RANGE_LOOP_ANALYSIS = YES;
				CLANG_WARN_STRICT_PROTOTYPES = YES;
				CLANG_WARN_SUSPICIOUS_MOVE = YES;
				CLANG_WARN_UNGUARDED_AVAILABILITY = YES_AGGRESSIVE;
				CLANG_WARN_UNREACHABLE_CODE = YES;
				CLANG_WARN__DUPLICATE_METHOD_MATCH = YES;
				COPY_PHASE_STRIP = NO;
				DEBUG_INFORMATION_FORMAT = "dwarf-with-dsym";
				ENABLE_NS_ASSERTIONS = NO;
				ENABLE_STRICT_OBJC_MSGSEND = YES;
				GCC_C_LANGUAGE_STANDARD = gnu11;
				GCC_NO_COMMON_BLOCKS = YES;
				GCC_WARN_64_TO_32_BIT_CONVERSION = YES;
				GCC_WARN_ABOUT_RETURN_TYPE = YES_ERROR;
				GCC_WARN_UNDECLARED_SELECTOR = YES;
				GCC_WARN_UNINITIALIZED_AUTOS = YES_AGGRESSIVE;
				GCC_WARN_UNUSED_FUNCTION = YES;
				GCC_WARN_UNUSED_VARIABLE = YES;
				IPHONEOS_DEPLOYMENT_TARGET = 15.2;
				MTL_ENABLE_DEBUG_INFO = NO;
				MTL_FAST_MATH = YES;
				SDKROOT = iphoneos;
				SWIFT_COMPILATION_MODE = wholemodule;
				SWIFT_OPTIMIZATION_LEVEL = "-O";
				VALIDATE_PRODUCT = YES;
			};
			name = Release;
		};
		761ED14427E9E85D0015AB54 /* Debug */ = {
			isa = XCBuildConfiguration;
			buildSettings = {
				ASSETCATALOG_COMPILER_APPICON_NAME = AppIcon;
				ASSETCATALOG_COMPILER_GLOBAL_ACCENT_COLOR_NAME = AccentColor;
				CODE_SIGN_STYLE = Automatic;
				CURRENT_PROJECT_VERSION = 1;
				DEVELOPMENT_TEAM = D5E8A3898L;
				GENERATE_INFOPLIST_FILE = YES;
				INFOPLIST_KEY_UIApplicationSupportsIndirectInputEvents = YES;
				INFOPLIST_KEY_UILaunchStoryboardName = LaunchScreen;
				INFOPLIST_KEY_UIMainStoryboardFile = Main;
				INFOPLIST_KEY_UIStatusBarHidden = YES;
				INFOPLIST_KEY_UISupportedInterfaceOrientations = "UIInterfaceOrientationLandscapeLeft UIInterfaceOrientationLandscapeRight";
				INFOPLIST_KEY_UISupportedInterfaceOrientations_iPhone = "UIInterfaceOrientationLandscapeLeft UIInterfaceOrientationLandscapeRight";
				IPHONEOS_DEPLOYMENT_TARGET = 15.0;
				LD_RUNPATH_SEARCH_PATHS = (
					"$(inherited)",
					"@executable_path/Frameworks",
				);
				MARKETING_VERSION = 1.0;
				PRODUCT_BUNDLE_IDENTIFIER = lucaspereira.SpaceShooter;
				PRODUCT_NAME = "Space Arena";
				SWIFT_EMIT_LOC_STRINGS = YES;
				SWIFT_VERSION = 5.0;
				TARGETED_DEVICE_FAMILY = 1;
			};
			name = Debug;
		};
		761ED14527E9E85D0015AB54 /* Release */ = {
			isa = XCBuildConfiguration;
			buildSettings = {
				ASSETCATALOG_COMPILER_APPICON_NAME = AppIcon;
				ASSETCATALOG_COMPILER_GLOBAL_ACCENT_COLOR_NAME = AccentColor;
				CODE_SIGN_STYLE = Automatic;
				CURRENT_PROJECT_VERSION = 1;
				DEVELOPMENT_TEAM = D5E8A3898L;
				GENERATE_INFOPLIST_FILE = YES;
				INFOPLIST_KEY_UIApplicationSupportsIndirectInputEvents = YES;
				INFOPLIST_KEY_UILaunchStoryboardName = LaunchScreen;
				INFOPLIST_KEY_UIMainStoryboardFile = Main;
				INFOPLIST_KEY_UIStatusBarHidden = YES;
				INFOPLIST_KEY_UISupportedInterfaceOrientations = "UIInterfaceOrientationLandscapeLeft UIInterfaceOrientationLandscapeRight";
				INFOPLIST_KEY_UISupportedInterfaceOrientations_iPhone = "UIInterfaceOrientationLandscapeLeft UIInterfaceOrientationLandscapeRight";
				IPHONEOS_DEPLOYMENT_TARGET = 15.0;
				LD_RUNPATH_SEARCH_PATHS = (
					"$(inherited)",
					"@executable_path/Frameworks",
				);
				MARKETING_VERSION = 1.0;
				PRODUCT_BUNDLE_IDENTIFIER = lucaspereira.SpaceShooter;
				PRODUCT_NAME = "Space Arena";
				SWIFT_EMIT_LOC_STRINGS = YES;
				SWIFT_VERSION = 5.0;
				TARGETED_DEVICE_FAMILY = 1;
			};
			name = Release;
		};
/* End XCBuildConfiguration section */

/* Begin XCConfigurationList section */
		761ED12727E9E85B0015AB54 /* Build configuration list for PBXProject "SpaceShooter" */ = {
			isa = XCConfigurationList;
			buildConfigurations = (
				761ED14127E9E85D0015AB54 /* Debug */,
				761ED14227E9E85D0015AB54 /* Release */,
			);
			defaultConfigurationIsVisible = 0;
			defaultConfigurationName = Release;
		};
		761ED14327E9E85D0015AB54 /* Build configuration list for PBXNativeTarget "SpaceShooter" */ = {
			isa = XCConfigurationList;
			buildConfigurations = (
				761ED14427E9E85D0015AB54 /* Debug */,
				761ED14527E9E85D0015AB54 /* Release */,
			);
			defaultConfigurationIsVisible = 0;
			defaultConfigurationName = Release;
		};
/* End XCConfigurationList section */
	};
	rootObject = 761ED12427E9E85B0015AB54 /* Project object */;
}
